github.com/google/uuid v1.1.1 h1:Gkbcsh/GbpXz7lPftLA3P6TYMwjCLYm83jiFQZF/3gY=
github.com/google/uuid v1.1.1/go.mod h1:TIyPZe4MgqvfeYDBFedMoGGpEw/LqOeaOT+nhxU+yHo=
github.com/package-url/packageurl-go v0.1.0 h1:efWBc98O/dBZRg1pw2xiDzovnlMjCa9NPnfaiBduh8I=
github.com/package-url/packageurl-go v0.1.0/go.mod h1:C/ApiuWpmbpni4DIOECf6WCjFUZV7O1Fx7VAzrZHgBw=
